
Microsoft Visual Studio Solution File, Format Version 12.00
# Visual Studio 15
VisualStudioVersion = 15.0.27703.2047
MinimumVisualStudioVersion = 10.0.40219.1
Project("{FAE04EC0-301F-11D3-BF4B-00C04F79EFBC}") = "PersonalTest", "PersonalTest\PersonalTest.csproj", "{DD543C71-086F-4743-89EF-3760C61ABD94}"
EndProject
Project("{FAE04EC0-301F-11D3-BF4B-00C04F79EFBC}") = "MyTest", "MyTest\MyTest.csproj", "{408EBA18-3E65-4DC2-A13C-50527D402B67}"
EndProject
Project("{2150E333-8FDC-42A3-9474-1A3956D46DE8}") = "DesignModel", "DesignModel", "{496FE73A-C7A5-4A0F-8F3B-B26DFB502EC3}"
EndProject
Project("{FAE04EC0-301F-11D3-BF4B-00C04F79EFBC}") = "DesignModelClass", "DesignModelClass\DesignModelClass.csproj", "{B5BFF72F-9EF4-4B81-B4C7-18CC564ACAAF}"
EndProject
Project("{2150E333-8FDC-42A3-9474-1A3956D46DE8}") = "CopyTest", "CopyTest", "{286AD18F-DB7F-443A-AD74-00844AC0FAF4}"
EndProject
Project("{FAE04EC0-301F-11D3-BF4B-00C04F79EFBC}") = "DeepShallowCopy", "DeepShallowCopy\DeepShallowCopy.csproj", "{19A5D25D-0D38-4190-B7D4-DA31A9D582A1}"
EndProject
Project("{FAE04EC0-301F-11D3-BF4B-00C04F79EFBC}") = "DesignModelApplication", "DesignModelApplicatio\DesignModelApplication.csproj", "{87CADC22-A988-4044-91A0-E5FDC16A2EB8}"
EndProject
Project("{FAE04EC0-301F-11D3-BF4B-00C04F79EFBC}") = "DesignModelOfStateApplication", "DesignModelOfStateApplication\DesignModelOfStateApplication.csproj", "{8B8D534A-B003-4243-9AD8-EACBA5806FBE}"
EndProject
Project("{2150E333-8FDC-42A3-9474-1A3956D46DE8}") = "NOPI.ExcelHelper", "NOPI.ExcelHelper", "{D135A9C0-B2F7-4B6B-8E8F-A9B27EE17B79}"
EndProject
Project("{FAE04EC0-301F-11D3-BF4B-00C04F79EFBC}") = "ExcelImportHelper", "ExcelImportHelper\ExcelImportHelper.csproj", "{28BDC812-EAD6-4135-96B6-4A94BDC5E7F2}"
EndProject
Project("{FAE04EC0-301F-11D3-BF4B-00C04F79EFBC}") = "ImportTest", "ImportTest\ImportTest.csproj", "{3F4CD225-3DBA-4C33-B688-926E90B5D532}"
EndProject
Project("{FAE04EC0-301F-11D3-BF4B-00C04F79EFBC}") = "Common", "Common\Common.csproj", "{4CCE6B44-81F0-4AC8-955D-7B1FB1DD5F5D}"
EndProject
Project("{2150E333-8FDC-42A3-9474-1A3956D46DE8}") = "Logger.Helper", "Logger.Helper", "{7879C956-C2A2-40CC-A9B3-D664530ACBD3}"
EndProject
Project("{2150E333-8FDC-42A3-9474-1A3956D46DE8}") = "MR.Helper", "MR.Helper", "{62449834-D152-4D77-BE50-5D52971F6EA6}"
EndProject
Project("{FAE04EC0-301F-11D3-BF4B-00C04F79EFBC}") = "MR.Helper.Test", "MR.Helper.Test\MR.Helper.Test.csproj", "{99124264-5B79-4782-9F24-B7FCF24CC1F9}"
EndProject
Project("{2150E333-8FDC-42A3-9474-1A3956D46DE8}") = "DataBase.Helper", "DataBase.Helper", "{6E59088A-3291-4510-9416-54071F84161F}"
EndProject
Project("{FAE04EC0-301F-11D3-BF4B-00C04F79EFBC}") = "CodeOnlyDemo", "CodeOnlyDemo\CodeOnlyDemo.csproj", "{F097F4BB-E38B-4F4B-ADCE-661E97956AF8}"
EndProject
Project("{FAE04EC0-301F-11D3-BF4B-00C04F79EFBC}") = "MapperConfig", "MapperConfig\MapperConfig.csproj", "{8D4C3FFF-C366-4DD8-9357-1B1A80514B8A}"
EndProject
Project("{2150E333-8FDC-42A3-9474-1A3956D46DE8}") = "AsyncAndSync", "AsyncAndSync", "{B3DCDD5C-9C46-4E9C-A9C4-FDA2B0E448C4}"
EndProject
Project("{FAE04EC0-301F-11D3-BF4B-00C04F79EFBC}") = "ClassHelper", "ClassHelper\ClassHelper.csproj", "{C4992243-82F1-4F7B-963E-34F472D3A269}"
EndProject
Project("{FAE04EC0-301F-11D3-BF4B-00C04F79EFBC}") = "AsyncAndSyncTest.Tests", "AsyncAndSyncTest.Tests\AsyncAndSyncTest.Tests.csproj", "{95B921CD-F181-473F-899C-45B854D01878}"
EndProject
Project("{FAE04EC0-301F-11D3-BF4B-00C04F79EFBC}") = "WebApiTest", "WebApiTest\WebApiTest.csproj", "{876ED5B2-E9F1-46C4-BA3A-9D3DADA601BE}"
EndProject
Project("{2150E333-8FDC-42A3-9474-1A3956D46DE8}") = "DataBaseModel", "DataBaseModel", "{B7356DD1-3339-4D17-9457-37DAD1560539}"
EndProject
Project("{FAE04EC0-301F-11D3-BF4B-00C04F79EFBC}") = "DbFirst", "DbFirst\DbFirst.csproj", "{EB6C61F5-D379-4040-96DD-5E4348EEABA4}"
EndProject
Project("{FAE04EC0-301F-11D3-BF4B-00C04F79EFBC}") = "DA", "DA\DA.csproj", "{BE7C8DFC-A571-4EB3-928A-91E1FD69CF4B}"
EndProject
Project("{FAE04EC0-301F-11D3-BF4B-00C04F79EFBC}") = "ConsoleApplication", "ConsoleApplication\ConsoleApplication.csproj", "{9C3E32E2-E7DA-4051-87E7-466E22175D6E}"
EndProject
Project("{FAE04EC0-301F-11D3-BF4B-00C04F79EFBC}") = "IDA", "IDA\IDA.csproj", "{239ADC57-59BC-417C-BDA0-3212B7C99E4B}"
EndProject
Project("{FAE04EC0-301F-11D3-BF4B-00C04F79EFBC}") = "Manage", "Manage\Manage.csproj", "{9BF5EA69-4804-473B-9496-079E02377D8F}"
EndProject
Project("{2150E333-8FDC-42A3-9474-1A3956D46DE8}") = "ReflactionTest", "ReflactionTest", "{9483E3FD-7AEE-4FAC-B7E8-6A26DA2FDDCF}"
EndProject
Project("{FAE04EC0-301F-11D3-BF4B-00C04F79EFBC}") = "ReflactionHepler", "ReflactionHepler\ReflactionHepler.csproj", "{DA2ED013-19A1-445C-9F01-1C2DA288BE82}"
EndProject
Project("{FAE04EC0-301F-11D3-BF4B-00C04F79EFBC}") = "ConsoleApplicationOfReflaction", "ConsoleApplicationOfReflaction\ConsoleApplicationOfReflaction.csproj", "{A230EC24-C1CA-4215-BF45-0033B0C03B31}"
EndProject
Project("{2150E333-8FDC-42A3-9474-1A3956D46DE8}") = "TestWebApi", "TestWebApi", "{80FCD4BF-9639-47D1-9452-95FE5D703381}"
EndProject
Project("{FAE04EC0-301F-11D3-BF4B-00C04F79EFBC}") = "WebApi", "WebApi\WebApi.csproj", "{87B5D0B4-88E9-4AC3-B100-DE35FA1C0E6F}"
EndProject
Project("{2150E333-8FDC-42A3-9474-1A3956D46DE8}") = "ListTest", "ListTest", "{2F08013A-F049-4A6B-AA50-F7BD4C5849C7}"
EndProject
Project("{FAE04EC0-301F-11D3-BF4B-00C04F79EFBC}") = "ListTest", "ListTest\ListTest.csproj", "{B7C7C145-9742-4F45-B1A4-6FB643D50157}"
EndProject
Project("{FAE04EC0-301F-11D3-BF4B-00C04F79EFBC}") = "Log4netApplication", "Log4netApplication\Log4netApplication.csproj", "{283693E0-9AE1-4B29-BE69-BF397D08FEA5}"
EndProject
Project("{2150E333-8FDC-42A3-9474-1A3956D46DE8}") = "EnumsHelper", "EnumsHelper", "{8EF0B148-43C0-4392-9CBA-EDE5EE36EA18}"
EndProject
Project("{FAE04EC0-301F-11D3-BF4B-00C04F79EFBC}") = "EnumHelperApplication", "EnumHelperApplication\EnumHelperApplication.csproj", "{89C0E038-4D74-4F8A-BF1C-42543FA27DC2}"
EndProject
Project("{2150E333-8FDC-42A3-9474-1A3956D46DE8}") = "WindowsFormAudio", "WindowsFormAudio", "{52F3224B-826D-4EC6-AD5E-CC13A5961616}"
EndProject
Project("{FAE04EC0-301F-11D3-BF4B-00C04F79EFBC}") = "PlayMusicForm", "PlayMusicForm\PlayMusicForm.csproj", "{6168B6D4-F33A-44BE-86B4-EAB0F4DB3C88}"
EndProject
Project("{2150E333-8FDC-42A3-9474-1A3956D46DE8}") = "QuzrtzNet", "QuzrtzNet", "{9E6357AE-33E6-435E-8747-B46D098ACF32}"
EndProject
Project("{FAE04EC0-301F-11D3-BF4B-00C04F79EFBC}") = "Quzrtz_job", "Quzrtz_job\Quzrtz_job.csproj", "{8E27B36B-9207-468A-831F-3E134204CAC0}"
EndProject
Project("{FAE04EC0-301F-11D3-BF4B-00C04F79EFBC}") = "Common.Log", "Common.Log\Common.Log.csproj", "{B5E5EE54-5AC9-49B4-A12E-5CC9AAFC7BC9}"
EndProject
Project("{FAE04EC0-301F-11D3-BF4B-00C04F79EFBC}") = "TimeJonClassLir", "TimeJonClassLir\TimeJonClassLir.csproj", "{8BF01E46-61A3-472E-9290-EDF3803447EA}"
EndProject
Project("{2150E333-8FDC-42A3-9474-1A3956D46DE8}") = "DataLinkManage", "DataLinkManage", "{3FC688CF-BF5A-4323-A5AC-D689DCD85B48}"
EndProject
Project("{FAE04EC0-301F-11D3-BF4B-00C04F79EFBC}") = "Dal", "Dal\Dal.csproj", "{FD1B7BB3-617D-4D5F-A66B-FC01DE7C8BAB}"
EndProject
Project("{FAE04EC0-301F-11D3-BF4B-00C04F79EFBC}") = "DataLinkManageConsole", "DataLinkManageConsole\DataLinkManageConsole.csproj", "{5D8725DA-23BD-480F-A9C3-88B99284F729}"
EndProject
Project("{2150E333-8FDC-42A3-9474-1A3956D46DE8}") = "NLog.Helper", "NLog.Helper", "{12F41594-B98C-4627-9E4A-D5D57B33CAFF}"
EndProject
Project("{FAE04EC0-301F-11D3-BF4B-00C04F79EFBC}") = "NLogApplicationTest", "NLogApplicationTest\NLogApplicationTest.csproj", "{400D69D4-A884-4439-869B-67B2D66BDD4B}"
EndProject
Project("{FAE04EC0-301F-11D3-BF4B-00C04F79EFBC}") = "NLogHelper", "NLogHelper\NLogHelper.csproj", "{3E13E5AA-6F7A-44D2-A2BE-21257E777356}"
EndProject
Project("{2150E333-8FDC-42A3-9474-1A3956D46DE8}") = "CacheHelper", "CacheHelper", "{0AB323A7-FBE3-4764-B1DF-451EA4857BA3}"
EndProject
Project("{FAE04EC0-301F-11D3-BF4B-00C04F79EFBC}") = "EnyimMemcachedHelper", "EnyimMemcachedHelper\EnyimMemcachedHelper.csproj", "{33498F7C-7DC2-4479-AE60-DE3465F5BB35}"
EndProject
Project("{FAE04EC0-301F-11D3-BF4B-00C04F79EFBC}") = "MemcachedMonitor", "MemcachedMonitor\MemcachedMonitor.csproj", "{87A55C0C-032E-495D-AA5D-070CD6963BF9}"
EndProject
Project("{2150E333-8FDC-42A3-9474-1A3956D46DE8}") = "Delegate.Helper", "Delegate.Helper", "{C2787EE5-E5B0-48BA-97C6-1A7F1BC29E84}"
EndProject
Project("{FAE04EC0-301F-11D3-BF4B-00C04F79EFBC}") = "DelegateConsoleApplication", "DelegateConsoleApplication\DelegateConsoleApplication.csproj", "{E321BBF9-96CF-43A9-A8FE-9AE2A086ACEF}"
EndProject
Project("{2150E333-8FDC-42A3-9474-1A3956D46DE8}") = "CommonHelper", "CommonHelper", "{43082824-8909-4CD8-9031-98594CECA1FE}"
EndProject
Project("{FAE04EC0-301F-11D3-BF4B-00C04F79EFBC}") = "CommonHelperConsoleApplication", "CommonHelperConsoleApplication\CommonHelperConsoleApplication.csproj", "{0D3C907E-6FC9-4EF2-827C-BDCFFFE416D0}"
EndProject
Project("{2150E333-8FDC-42A3-9474-1A3956D46DE8}") = "ClassOverride.Helper", "ClassOverride.Helper", "{38325AA1-2BA9-45D0-A02E-4F7A2576E051}"
EndProject
Project("{FAE04EC0-301F-11D3-BF4B-00C04F79EFBC}") = "ClassOverrideHelper", "ClassOverrideHelper\ClassOverrideHelper.csproj", "{8F5C18F7-D018-41F2-A86C-30A0C20E10D9}"
EndProject
Project("{FAE04EC0-301F-11D3-BF4B-00C04F79EFBC}") = "CreateDataBaseBySql", "CreateDataBaseBySql\CreateDataBaseBySql.csproj", "{675176B8-BD55-4BEE-8BC3-40EFF984FA90}"
EndProject
Project("{FAE04EC0-301F-11D3-BF4B-00C04F79EFBC}") = "MyAsp.netCoreWeb", "MyAsp.netCoreWeb\MyAsp.netCoreWeb.csproj", "{5B58AF0B-4127-4BB8-BA28-808272E5AE8A}"
EndProject
Global
	GlobalSection(SolutionConfigurationPlatforms) = preSolution
		Debug|Any CPU = Debug|Any CPU
		Release|Any CPU = Release|Any CPU
	EndGlobalSection
	GlobalSection(ProjectConfigurationPlatforms) = postSolution
		{DD543C71-086F-4743-89EF-3760C61ABD94}.Debug|Any CPU.ActiveCfg = Debug|Any CPU
		{DD543C71-086F-4743-89EF-3760C61ABD94}.Debug|Any CPU.Build.0 = Debug|Any CPU
		{DD543C71-086F-4743-89EF-3760C61ABD94}.Release|Any CPU.ActiveCfg = Release|Any CPU
		{DD543C71-086F-4743-89EF-3760C61ABD94}.Release|Any CPU.Build.0 = Release|Any CPU
		{408EBA18-3E65-4DC2-A13C-50527D402B67}.Debug|Any CPU.ActiveCfg = Debug|Any CPU
		{408EBA18-3E65-4DC2-A13C-50527D402B67}.Debug|Any CPU.Build.0 = Debug|Any CPU
		{408EBA18-3E65-4DC2-A13C-50527D402B67}.Release|Any CPU.ActiveCfg = Release|Any CPU
		{408EBA18-3E65-4DC2-A13C-50527D402B67}.Release|Any CPU.Build.0 = Release|Any CPU
		{B5BFF72F-9EF4-4B81-B4C7-18CC564ACAAF}.Debug|Any CPU.ActiveCfg = Debug|Any CPU
		{B5BFF72F-9EF4-4B81-B4C7-18CC564ACAAF}.Debug|Any CPU.Build.0 = Debug|Any CPU
		{B5BFF72F-9EF4-4B81-B4C7-18CC564ACAAF}.Release|Any CPU.ActiveCfg = Release|Any CPU
		{B5BFF72F-9EF4-4B81-B4C7-18CC564ACAAF}.Release|Any CPU.Build.0 = Release|Any CPU
		{19A5D25D-0D38-4190-B7D4-DA31A9D582A1}.Debug|Any CPU.ActiveCfg = Debug|Any CPU
		{19A5D25D-0D38-4190-B7D4-DA31A9D582A1}.Debug|Any CPU.Build.0 = Debug|Any CPU
		{19A5D25D-0D38-4190-B7D4-DA31A9D582A1}.Release|Any CPU.ActiveCfg = Release|Any CPU
		{19A5D25D-0D38-4190-B7D4-DA31A9D582A1}.Release|Any CPU.Build.0 = Release|Any CPU
		{87CADC22-A988-4044-91A0-E5FDC16A2EB8}.Debug|Any CPU.ActiveCfg = Debug|Any CPU
		{87CADC22-A988-4044-91A0-E5FDC16A2EB8}.Debug|Any CPU.Build.0 = Debug|Any CPU
		{87CADC22-A988-4044-91A0-E5FDC16A2EB8}.Release|Any CPU.ActiveCfg = Release|Any CPU
		{87CADC22-A988-4044-91A0-E5FDC16A2EB8}.Release|Any CPU.Build.0 = Release|Any CPU
		{8B8D534A-B003-4243-9AD8-EACBA5806FBE}.Debug|Any CPU.ActiveCfg = Debug|Any CPU
		{8B8D534A-B003-4243-9AD8-EACBA5806FBE}.Debug|Any CPU.Build.0 = Debug|Any CPU
		{8B8D534A-B003-4243-9AD8-EACBA5806FBE}.Release|Any CPU.ActiveCfg = Release|Any CPU
		{8B8D534A-B003-4243-9AD8-EACBA5806FBE}.Release|Any CPU.Build.0 = Release|Any CPU
		{28BDC812-EAD6-4135-96B6-4A94BDC5E7F2}.Debug|Any CPU.ActiveCfg = Debug|Any CPU
		{28BDC812-EAD6-4135-96B6-4A94BDC5E7F2}.Debug|Any CPU.Build.0 = Debug|Any CPU
		{28BDC812-EAD6-4135-96B6-4A94BDC5E7F2}.Release|Any CPU.ActiveCfg = Release|Any CPU
		{28BDC812-EAD6-4135-96B6-4A94BDC5E7F2}.Release|Any CPU.Build.0 = Release|Any CPU
		{3F4CD225-3DBA-4C33-B688-926E90B5D532}.Debug|Any CPU.ActiveCfg = Debug|Any CPU
		{3F4CD225-3DBA-4C33-B688-926E90B5D532}.Debug|Any CPU.Build.0 = Debug|Any CPU
		{3F4CD225-3DBA-4C33-B688-926E90B5D532}.Release|Any CPU.ActiveCfg = Release|Any CPU
		{3F4CD225-3DBA-4C33-B688-926E90B5D532}.Release|Any CPU.Build.0 = Release|Any CPU
		{4CCE6B44-81F0-4AC8-955D-7B1FB1DD5F5D}.Debug|Any CPU.ActiveCfg = Debug|Any CPU
		{4CCE6B44-81F0-4AC8-955D-7B1FB1DD5F5D}.Debug|Any CPU.Build.0 = Debug|Any CPU
		{4CCE6B44-81F0-4AC8-955D-7B1FB1DD5F5D}.Release|Any CPU.ActiveCfg = Release|Any CPU
		{4CCE6B44-81F0-4AC8-955D-7B1FB1DD5F5D}.Release|Any CPU.Build.0 = Release|Any CPU
		{99124264-5B79-4782-9F24-B7FCF24CC1F9}.Debug|Any CPU.ActiveCfg = Debug|Any CPU
		{99124264-5B79-4782-9F24-B7FCF24CC1F9}.Debug|Any CPU.Build.0 = Debug|Any CPU
		{99124264-5B79-4782-9F24-B7FCF24CC1F9}.Release|Any CPU.ActiveCfg = Release|Any CPU
		{99124264-5B79-4782-9F24-B7FCF24CC1F9}.Release|Any CPU.Build.0 = Release|Any CPU
		{F097F4BB-E38B-4F4B-ADCE-661E97956AF8}.Debug|Any CPU.ActiveCfg = Debug|Any CPU
		{F097F4BB-E38B-4F4B-ADCE-661E97956AF8}.Debug|Any CPU.Build.0 = Debug|Any CPU
		{F097F4BB-E38B-4F4B-ADCE-661E97956AF8}.Release|Any CPU.ActiveCfg = Release|Any CPU
		{F097F4BB-E38B-4F4B-ADCE-661E97956AF8}.Release|Any CPU.Build.0 = Release|Any CPU
		{8D4C3FFF-C366-4DD8-9357-1B1A80514B8A}.Debug|Any CPU.ActiveCfg = Debug|Any CPU
		{8D4C3FFF-C366-4DD8-9357-1B1A80514B8A}.Debug|Any CPU.Build.0 = Debug|Any CPU
		{8D4C3FFF-C366-4DD8-9357-1B1A80514B8A}.Release|Any CPU.ActiveCfg = Release|Any CPU
		{8D4C3FFF-C366-4DD8-9357-1B1A80514B8A}.Release|Any CPU.Build.0 = Release|Any CPU
		{C4992243-82F1-4F7B-963E-34F472D3A269}.Debug|Any CPU.ActiveCfg = Debug|Any CPU
		{C4992243-82F1-4F7B-963E-34F472D3A269}.Debug|Any CPU.Build.0 = Debug|Any CPU
		{C4992243-82F1-4F7B-963E-34F472D3A269}.Release|Any CPU.ActiveCfg = Release|Any CPU
		{C4992243-82F1-4F7B-963E-34F472D3A269}.Release|Any CPU.Build.0 = Release|Any CPU
		{95B921CD-F181-473F-899C-45B854D01878}.Debug|Any CPU.ActiveCfg = Debug|Any CPU
		{95B921CD-F181-473F-899C-45B854D01878}.Debug|Any CPU.Build.0 = Debug|Any CPU
		{95B921CD-F181-473F-899C-45B854D01878}.Release|Any CPU.ActiveCfg = Release|Any CPU
		{95B921CD-F181-473F-899C-45B854D01878}.Release|Any CPU.Build.0 = Release|Any CPU
		{876ED5B2-E9F1-46C4-BA3A-9D3DADA601BE}.Debug|Any CPU.ActiveCfg = Debug|Any CPU
		{876ED5B2-E9F1-46C4-BA3A-9D3DADA601BE}.Debug|Any CPU.Build.0 = Debug|Any CPU
		{876ED5B2-E9F1-46C4-BA3A-9D3DADA601BE}.Release|Any CPU.ActiveCfg = Release|Any CPU
		{876ED5B2-E9F1-46C4-BA3A-9D3DADA601BE}.Release|Any CPU.Build.0 = Release|Any CPU
		{EB6C61F5-D379-4040-96DD-5E4348EEABA4}.Debug|Any CPU.ActiveCfg = Debug|Any CPU
		{EB6C61F5-D379-4040-96DD-5E4348EEABA4}.Debug|Any CPU.Build.0 = Debug|Any CPU
		{EB6C61F5-D379-4040-96DD-5E4348EEABA4}.Release|Any CPU.ActiveCfg = Release|Any CPU
		{EB6C61F5-D379-4040-96DD-5E4348EEABA4}.Release|Any CPU.Build.0 = Release|Any CPU
		{BE7C8DFC-A571-4EB3-928A-91E1FD69CF4B}.Debug|Any CPU.ActiveCfg = Debug|Any CPU
		{BE7C8DFC-A571-4EB3-928A-91E1FD69CF4B}.Debug|Any CPU.Build.0 = Debug|Any CPU
		{BE7C8DFC-A571-4EB3-928A-91E1FD69CF4B}.Release|Any CPU.ActiveCfg = Release|Any CPU
		{BE7C8DFC-A571-4EB3-928A-91E1FD69CF4B}.Release|Any CPU.Build.0 = Release|Any CPU
		{9C3E32E2-E7DA-4051-87E7-466E22175D6E}.Debug|Any CPU.ActiveCfg = Debug|Any CPU
		{9C3E32E2-E7DA-4051-87E7-466E22175D6E}.Debug|Any CPU.Build.0 = Debug|Any CPU
		{9C3E32E2-E7DA-4051-87E7-466E22175D6E}.Release|Any CPU.ActiveCfg = Release|Any CPU
		{9C3E32E2-E7DA-4051-87E7-466E22175D6E}.Release|Any CPU.Build.0 = Release|Any CPU
		{239ADC57-59BC-417C-BDA0-3212B7C99E4B}.Debug|Any CPU.ActiveCfg = Debug|Any CPU
		{239ADC57-59BC-417C-BDA0-3212B7C99E4B}.Debug|Any CPU.Build.0 = Debug|Any CPU
		{239ADC57-59BC-417C-BDA0-3212B7C99E4B}.Release|Any CPU.ActiveCfg = Release|Any CPU
		{239ADC57-59BC-417C-BDA0-3212B7C99E4B}.Release|Any CPU.Build.0 = Release|Any CPU
		{9BF5EA69-4804-473B-9496-079E02377D8F}.Debug|Any CPU.ActiveCfg = Debug|Any CPU
		{9BF5EA69-4804-473B-9496-079E02377D8F}.Debug|Any CPU.Build.0 = Debug|Any CPU
		{9BF5EA69-4804-473B-9496-079E02377D8F}.Release|Any CPU.ActiveCfg = Release|Any CPU
		{9BF5EA69-4804-473B-9496-079E02377D8F}.Release|Any CPU.Build.0 = Release|Any CPU
		{DA2ED013-19A1-445C-9F01-1C2DA288BE82}.Debug|Any CPU.ActiveCfg = Debug|Any CPU
		{DA2ED013-19A1-445C-9F01-1C2DA288BE82}.Debug|Any CPU.Build.0 = Debug|Any CPU
		{DA2ED013-19A1-445C-9F01-1C2DA288BE82}.Release|Any CPU.ActiveCfg = Release|Any CPU
		{DA2ED013-19A1-445C-9F01-1C2DA288BE82}.Release|Any CPU.Build.0 = Release|Any CPU
		{A230EC24-C1CA-4215-BF45-0033B0C03B31}.Debug|Any CPU.ActiveCfg = Debug|Any CPU
		{A230EC24-C1CA-4215-BF45-0033B0C03B31}.Debug|Any CPU.Build.0 = Debug|Any CPU
		{A230EC24-C1CA-4215-BF45-0033B0C03B31}.Release|Any CPU.ActiveCfg = Release|Any CPU
		{A230EC24-C1CA-4215-BF45-0033B0C03B31}.Release|Any CPU.Build.0 = Release|Any CPU
		{87B5D0B4-88E9-4AC3-B100-DE35FA1C0E6F}.Debug|Any CPU.ActiveCfg = Debug|Any CPU
		{87B5D0B4-88E9-4AC3-B100-DE35FA1C0E6F}.Debug|Any CPU.Build.0 = Debug|Any CPU
		{87B5D0B4-88E9-4AC3-B100-DE35FA1C0E6F}.Release|Any CPU.ActiveCfg = Release|Any CPU
		{87B5D0B4-88E9-4AC3-B100-DE35FA1C0E6F}.Release|Any CPU.Build.0 = Release|Any CPU
		{B7C7C145-9742-4F45-B1A4-6FB643D50157}.Debug|Any CPU.ActiveCfg = Debug|Any CPU
		{B7C7C145-9742-4F45-B1A4-6FB643D50157}.Debug|Any CPU.Build.0 = Debug|Any CPU
		{B7C7C145-9742-4F45-B1A4-6FB643D50157}.Release|Any CPU.ActiveCfg = Release|Any CPU
		{B7C7C145-9742-4F45-B1A4-6FB643D50157}.Release|Any CPU.Build.0 = Release|Any CPU
		{283693E0-9AE1-4B29-BE69-BF397D08FEA5}.Debug|Any CPU.ActiveCfg = Debug|Any CPU
		{283693E0-9AE1-4B29-BE69-BF397D08FEA5}.Debug|Any CPU.Build.0 = Debug|Any CPU
		{283693E0-9AE1-4B29-BE69-BF397D08FEA5}.Release|Any CPU.ActiveCfg = Release|Any CPU
		{283693E0-9AE1-4B29-BE69-BF397D08FEA5}.Release|Any CPU.Build.0 = Release|Any CPU
		{89C0E038-4D74-4F8A-BF1C-42543FA27DC2}.Debug|Any CPU.ActiveCfg = Debug|Any CPU
		{89C0E038-4D74-4F8A-BF1C-42543FA27DC2}.Debug|Any CPU.Build.0 = Debug|Any CPU
		{89C0E038-4D74-4F8A-BF1C-42543FA27DC2}.Release|Any CPU.ActiveCfg = Release|Any CPU
		{89C0E038-4D74-4F8A-BF1C-42543FA27DC2}.Release|Any CPU.Build.0 = Release|Any CPU
		{6168B6D4-F33A-44BE-86B4-EAB0F4DB3C88}.Debug|Any CPU.ActiveCfg = Debug|Any CPU
		{6168B6D4-F33A-44BE-86B4-EAB0F4DB3C88}.Debug|Any CPU.Build.0 = Debug|Any CPU
		{6168B6D4-F33A-44BE-86B4-EAB0F4DB3C88}.Release|Any CPU.ActiveCfg = Release|Any CPU
		{6168B6D4-F33A-44BE-86B4-EAB0F4DB3C88}.Release|Any CPU.Build.0 = Release|Any CPU
		{8E27B36B-9207-468A-831F-3E134204CAC0}.Debug|Any CPU.ActiveCfg = Debug|Any CPU
		{8E27B36B-9207-468A-831F-3E134204CAC0}.Debug|Any CPU.Build.0 = Debug|Any CPU
		{8E27B36B-9207-468A-831F-3E134204CAC0}.Release|Any CPU.ActiveCfg = Release|Any CPU
		{8E27B36B-9207-468A-831F-3E134204CAC0}.Release|Any CPU.Build.0 = Release|Any CPU
		{B5E5EE54-5AC9-49B4-A12E-5CC9AAFC7BC9}.Debug|Any CPU.ActiveCfg = Debug|Any CPU
		{B5E5EE54-5AC9-49B4-A12E-5CC9AAFC7BC9}.Debug|Any CPU.Build.0 = Debug|Any CPU
		{B5E5EE54-5AC9-49B4-A12E-5CC9AAFC7BC9}.Release|Any CPU.ActiveCfg = Release|Any CPU
		{B5E5EE54-5AC9-49B4-A12E-5CC9AAFC7BC9}.Release|Any CPU.Build.0 = Release|Any CPU
		{8BF01E46-61A3-472E-9290-EDF3803447EA}.Debug|Any CPU.ActiveCfg = Debug|Any CPU
		{8BF01E46-61A3-472E-9290-EDF3803447EA}.Debug|Any CPU.Build.0 = Debug|Any CPU
		{8BF01E46-61A3-472E-9290-EDF3803447EA}.Release|Any CPU.ActiveCfg = Release|Any CPU
		{8BF01E46-61A3-472E-9290-EDF3803447EA}.Release|Any CPU.Build.0 = Release|Any CPU
		{FD1B7BB3-617D-4D5F-A66B-FC01DE7C8BAB}.Debug|Any CPU.ActiveCfg = Debug|Any CPU
		{FD1B7BB3-617D-4D5F-A66B-FC01DE7C8BAB}.Debug|Any CPU.Build.0 = Debug|Any CPU
		{FD1B7BB3-617D-4D5F-A66B-FC01DE7C8BAB}.Release|Any CPU.ActiveCfg = Release|Any CPU
		{FD1B7BB3-617D-4D5F-A66B-FC01DE7C8BAB}.Release|Any CPU.Build.0 = Release|Any CPU
		{5D8725DA-23BD-480F-A9C3-88B99284F729}.Debug|Any CPU.ActiveCfg = Debug|Any CPU
		{5D8725DA-23BD-480F-A9C3-88B99284F729}.Debug|Any CPU.Build.0 = Debug|Any CPU
		{5D8725DA-23BD-480F-A9C3-88B99284F729}.Release|Any CPU.ActiveCfg = Release|Any CPU
		{5D8725DA-23BD-480F-A9C3-88B99284F729}.Release|Any CPU.Build.0 = Release|Any CPU
		{400D69D4-A884-4439-869B-67B2D66BDD4B}.Debug|Any CPU.ActiveCfg = Debug|Any CPU
		{400D69D4-A884-4439-869B-67B2D66BDD4B}.Debug|Any CPU.Build.0 = Debug|Any CPU
		{400D69D4-A884-4439-869B-67B2D66BDD4B}.Release|Any CPU.ActiveCfg = Release|Any CPU
		{400D69D4-A884-4439-869B-67B2D66BDD4B}.Release|Any CPU.Build.0 = Release|Any CPU
		{3E13E5AA-6F7A-44D2-A2BE-21257E777356}.Debug|Any CPU.ActiveCfg = Debug|Any CPU
		{3E13E5AA-6F7A-44D2-A2BE-21257E777356}.Debug|Any CPU.Build.0 = Debug|Any CPU
		{3E13E5AA-6F7A-44D2-A2BE-21257E777356}.Release|Any CPU.ActiveCfg = Release|Any CPU
		{3E13E5AA-6F7A-44D2-A2BE-21257E777356}.Release|Any CPU.Build.0 = Release|Any CPU
		{33498F7C-7DC2-4479-AE60-DE3465F5BB35}.Debug|Any CPU.ActiveCfg = Debug|Any CPU
		{33498F7C-7DC2-4479-AE60-DE3465F5BB35}.Debug|Any CPU.Build.0 = Debug|Any CPU
		{33498F7C-7DC2-4479-AE60-DE3465F5BB35}.Release|Any CPU.ActiveCfg = Release|Any CPU
		{33498F7C-7DC2-4479-AE60-DE3465F5BB35}.Release|Any CPU.Build.0 = Release|Any CPU
		{87A55C0C-032E-495D-AA5D-070CD6963BF9}.Debug|Any CPU.ActiveCfg = Debug|Any CPU
		{87A55C0C-032E-495D-AA5D-070CD6963BF9}.Debug|Any CPU.Build.0 = Debug|Any CPU
		{87A55C0C-032E-495D-AA5D-070CD6963BF9}.Release|Any CPU.ActiveCfg = Release|Any CPU
		{87A55C0C-032E-495D-AA5D-070CD6963BF9}.Release|Any CPU.Build.0 = Release|Any CPU
		{E321BBF9-96CF-43A9-A8FE-9AE2A086ACEF}.Debug|Any CPU.ActiveCfg = Debug|Any CPU
		{E321BBF9-96CF-43A9-A8FE-9AE2A086ACEF}.Debug|Any CPU.Build.0 = Debug|Any CPU
		{E321BBF9-96CF-43A9-A8FE-9AE2A086ACEF}.Release|Any CPU.ActiveCfg = Release|Any CPU
		{E321BBF9-96CF-43A9-A8FE-9AE2A086ACEF}.Release|Any CPU.Build.0 = Release|Any CPU
		{0D3C907E-6FC9-4EF2-827C-BDCFFFE416D0}.Debug|Any CPU.ActiveCfg = Debug|Any CPU
		{0D3C907E-6FC9-4EF2-827C-BDCFFFE416D0}.Debug|Any CPU.Build.0 = Debug|Any CPU
		{0D3C907E-6FC9-4EF2-827C-BDCFFFE416D0}.Release|Any CPU.ActiveCfg = Release|Any CPU
		{0D3C907E-6FC9-4EF2-827C-BDCFFFE416D0}.Release|Any CPU.Build.0 = Release|Any CPU
		{8F5C18F7-D018-41F2-A86C-30A0C20E10D9}.Debug|Any CPU.ActiveCfg = Debug|Any CPU
		{8F5C18F7-D018-41F2-A86C-30A0C20E10D9}.Debug|Any CPU.Build.0 = Debug|Any CPU
		{8F5C18F7-D018-41F2-A86C-30A0C20E10D9}.Release|Any CPU.ActiveCfg = Release|Any CPU
		{8F5C18F7-D018-41F2-A86C-30A0C20E10D9}.Release|Any CPU.Build.0 = Release|Any CPU
		{675176B8-BD55-4BEE-8BC3-40EFF984FA90}.Debug|Any CPU.ActiveCfg = Debug|Any CPU
		{675176B8-BD55-4BEE-8BC3-40EFF984FA90}.Debug|Any CPU.Build.0 = Debug|Any CPU
		{675176B8-BD55-4BEE-8BC3-40EFF984FA90}.Release|Any CPU.ActiveCfg = Release|Any CPU
		{675176B8-BD55-4BEE-8BC3-40EFF984FA90}.Release|Any CPU.Build.0 = Release|Any CPU
		{5B58AF0B-4127-4BB8-BA28-808272E5AE8A}.Debug|Any CPU.ActiveCfg = Debug|Any CPU
		{5B58AF0B-4127-4BB8-BA28-808272E5AE8A}.Debug|Any CPU.Build.0 = Debug|Any CPU
		{5B58AF0B-4127-4BB8-BA28-808272E5AE8A}.Release|Any CPU.ActiveCfg = Release|Any CPU
		{5B58AF0B-4127-4BB8-BA28-808272E5AE8A}.Release|Any CPU.Build.0 = Release|Any CPU
	EndGlobalSection
	GlobalSection(SolutionProperties) = preSolution
		HideSolutionNode = FALSE
	EndGlobalSection
	GlobalSection(NestedProjects) = preSolution
		{B5BFF72F-9EF4-4B81-B4C7-18CC564ACAAF} = {496FE73A-C7A5-4A0F-8F3B-B26DFB502EC3}
		{19A5D25D-0D38-4190-B7D4-DA31A9D582A1} = {286AD18F-DB7F-443A-AD74-00844AC0FAF4}
		{87CADC22-A988-4044-91A0-E5FDC16A2EB8} = {496FE73A-C7A5-4A0F-8F3B-B26DFB502EC3}
		{8B8D534A-B003-4243-9AD8-EACBA5806FBE} = {496FE73A-C7A5-4A0F-8F3B-B26DFB502EC3}
		{28BDC812-EAD6-4135-96B6-4A94BDC5E7F2} = {D135A9C0-B2F7-4B6B-8E8F-A9B27EE17B79}
		{3F4CD225-3DBA-4C33-B688-926E90B5D532} = {D135A9C0-B2F7-4B6B-8E8F-A9B27EE17B79}
		{4CCE6B44-81F0-4AC8-955D-7B1FB1DD5F5D} = {D135A9C0-B2F7-4B6B-8E8F-A9B27EE17B79}
		{99124264-5B79-4782-9F24-B7FCF24CC1F9} = {62449834-D152-4D77-BE50-5D52971F6EA6}
		{F097F4BB-E38B-4F4B-ADCE-661E97956AF8} = {6E59088A-3291-4510-9416-54071F84161F}
		{8D4C3FFF-C366-4DD8-9357-1B1A80514B8A} = {D135A9C0-B2F7-4B6B-8E8F-A9B27EE17B79}
		{C4992243-82F1-4F7B-963E-34F472D3A269} = {B3DCDD5C-9C46-4E9C-A9C4-FDA2B0E448C4}
		{95B921CD-F181-473F-899C-45B854D01878} = {B3DCDD5C-9C46-4E9C-A9C4-FDA2B0E448C4}
		{876ED5B2-E9F1-46C4-BA3A-9D3DADA601BE} = {B3DCDD5C-9C46-4E9C-A9C4-FDA2B0E448C4}
		{EB6C61F5-D379-4040-96DD-5E4348EEABA4} = {B7356DD1-3339-4D17-9457-37DAD1560539}
		{BE7C8DFC-A571-4EB3-928A-91E1FD69CF4B} = {B7356DD1-3339-4D17-9457-37DAD1560539}
		{9C3E32E2-E7DA-4051-87E7-466E22175D6E} = {B7356DD1-3339-4D17-9457-37DAD1560539}
		{239ADC57-59BC-417C-BDA0-3212B7C99E4B} = {B7356DD1-3339-4D17-9457-37DAD1560539}
		{9BF5EA69-4804-473B-9496-079E02377D8F} = {B7356DD1-3339-4D17-9457-37DAD1560539}
		{DA2ED013-19A1-445C-9F01-1C2DA288BE82} = {9483E3FD-7AEE-4FAC-B7E8-6A26DA2FDDCF}
		{A230EC24-C1CA-4215-BF45-0033B0C03B31} = {9483E3FD-7AEE-4FAC-B7E8-6A26DA2FDDCF}
		{87B5D0B4-88E9-4AC3-B100-DE35FA1C0E6F} = {80FCD4BF-9639-47D1-9452-95FE5D703381}
		{B7C7C145-9742-4F45-B1A4-6FB643D50157} = {2F08013A-F049-4A6B-AA50-F7BD4C5849C7}
		{283693E0-9AE1-4B29-BE69-BF397D08FEA5} = {7879C956-C2A2-40CC-A9B3-D664530ACBD3}
		{89C0E038-4D74-4F8A-BF1C-42543FA27DC2} = {8EF0B148-43C0-4392-9CBA-EDE5EE36EA18}
		{6168B6D4-F33A-44BE-86B4-EAB0F4DB3C88} = {52F3224B-826D-4EC6-AD5E-CC13A5961616}
		{8E27B36B-9207-468A-831F-3E134204CAC0} = {9E6357AE-33E6-435E-8747-B46D098ACF32}
		{B5E5EE54-5AC9-49B4-A12E-5CC9AAFC7BC9} = {9E6357AE-33E6-435E-8747-B46D098ACF32}
		{8BF01E46-61A3-472E-9290-EDF3803447EA} = {9E6357AE-33E6-435E-8747-B46D098ACF32}
		{FD1B7BB3-617D-4D5F-A66B-FC01DE7C8BAB} = {3FC688CF-BF5A-4323-A5AC-D689DCD85B48}
		{5D8725DA-23BD-480F-A9C3-88B99284F729} = {3FC688CF-BF5A-4323-A5AC-D689DCD85B48}
		{400D69D4-A884-4439-869B-67B2D66BDD4B} = {12F41594-B98C-4627-9E4A-D5D57B33CAFF}
		{3E13E5AA-6F7A-44D2-A2BE-21257E777356} = {12F41594-B98C-4627-9E4A-D5D57B33CAFF}
		{33498F7C-7DC2-4479-AE60-DE3465F5BB35} = {0AB323A7-FBE3-4764-B1DF-451EA4857BA3}
		{87A55C0C-032E-495D-AA5D-070CD6963BF9} = {0AB323A7-FBE3-4764-B1DF-451EA4857BA3}
		{E321BBF9-96CF-43A9-A8FE-9AE2A086ACEF} = {C2787EE5-E5B0-48BA-97C6-1A7F1BC29E84}
		{0D3C907E-6FC9-4EF2-827C-BDCFFFE416D0} = {43082824-8909-4CD8-9031-98594CECA1FE}
		{8F5C18F7-D018-41F2-A86C-30A0C20E10D9} = {38325AA1-2BA9-45D0-A02E-4F7A2576E051}
		{675176B8-BD55-4BEE-8BC3-40EFF984FA90} = {6E59088A-3291-4510-9416-54071F84161F}
	EndGlobalSection
	GlobalSection(ExtensibilityGlobals) = postSolution
		SolutionGuid = {F643D472-6C15-481A-B677-DA97BD4AE9BC}
	EndGlobalSection
EndGlobal
